
Microsoft Visual Studio Solution File, Format Version 12.00
# Visual Studio 15
VisualStudioVersion = 15.0.27004.2002
MinimumVisualStudioVersion = 10.0.40219.1
Project("{FAE04EC0-301F-11D3-BF4B-00C04F79EFBC}") = "TheAionProject.S3_Starter", "TheAionProject.S3_Starter.csproj", "{FBB9891A-B084-4EFF-BE79-AEBF15BBB56A}"
EndProject
Global
	GlobalSection(SolutionConfigurationPlatforms) = preSolution
		Debug|x86 = Debug|x86
		Release|x86 = Release|x86
	EndGlobalSection
	GlobalSection(ProjectConfigurationPlatforms) = postSolution
		{FBB9891A-B084-4EFF-BE79-AEBF15BBB56A}.Debug|x86.ActiveCfg = Debug|x86
		{FBB9891A-B084-4EFF-BE79-AEBF15BBB56A}.Debug|x86.Build.0 = Debug|x86
		{FBB9891A-B084-4EFF-BE79-AEBF15BBB56A}.Release|x86.ActiveCfg = Release|x86
		{FBB9891A-B084-4EFF-BE79-AEBF15BBB56A}.Release|x86.Build.0 = Release|x86
	EndGlobalSection
	GlobalSection(SolutionProperties) = preSolution
		HideSolutionNode = FALSE
	EndGlobalSection
	GlobalSection(ExtensibilityGlobals) = postSolution
		SolutionGuid = {7A74A075-04BD-45B0-8FBE-C7472F6925C5}
	EndGlobalSection
EndGlobal
